
Microsoft Visual Studio Solution File, Format Version 12.00
# Visual Studio Version 16
VisualStudioVersion = 16.0.29709.97
MinimumVisualStudioVersion = 10.0.40219.1
Project("{FAE04EC0-301F-11D3-BF4B-00C04F79EFBC}") = "Prb.LievelingsStad-Void.Wpf", "Prb.LievelingsStad-Void.Wpf\Prb.LievelingsStad-Void.Wpf.csproj", "{DD76EF97-81FF-44A7-AB3B-57A2C289389D}"
EndProject
Global
	GlobalSection(SolutionConfigurationPlatforms) = preSolution
		Debug|Any CPU = Debug|Any CPU
		Release|Any CPU = Release|Any CPU
	EndGlobalSection
	GlobalSection(ProjectConfigurationPlatforms) = postSolution
		{DD76EF97-81FF-44A7-AB3B-57A2C289389D}.Debug|Any CPU.ActiveCfg = Debug|Any CPU
		{DD76EF97-81FF-44A7-AB3B-57A2C289389D}.Debug|Any CPU.Build.0 = Debug|Any CPU
		{DD76EF97-81FF-44A7-AB3B-57A2C289389D}.Release|Any CPU.ActiveCfg = Release|Any CPU
		{DD76EF97-81FF-44A7-AB3B-57A2C289389D}.Release|Any CPU.Build.0 = Release|Any CPU
	EndGlobalSection
	GlobalSection(SolutionProperties) = preSolution
		HideSolutionNode = FALSE
	EndGlobalSection
	GlobalSection(ExtensibilityGlobals) = postSolution
		SolutionGuid = {AEFEDB64-03C6-41F6-A482-B6F32D2BBC64}
	EndGlobalSection
EndGlobal
