
Microsoft Visual Studio Solution File, Format Version 12.00
# Visual Studio Version 16
VisualStudioVersion = 16.0.31702.278
MinimumVisualStudioVersion = 10.0.40219.1
Project("{FAE04EC0-301F-11D3-BF4B-00C04F79EFBC}") = "Prb.Lines.Wpf", "Prb.Lines.Wpf\Prb.Lines.Wpf.csproj", "{2B7E15A5-FC7C-44EF-B488-196D5A23509A}"
EndProject
Global
	GlobalSection(SolutionConfigurationPlatforms) = preSolution
		Debug|Any CPU = Debug|Any CPU
		Release|Any CPU = Release|Any CPU
	EndGlobalSection
	GlobalSection(ProjectConfigurationPlatforms) = postSolution
		{2B7E15A5-FC7C-44EF-B488-196D5A23509A}.Debug|Any CPU.ActiveCfg = Debug|Any CPU
		{2B7E15A5-FC7C-44EF-B488-196D5A23509A}.Debug|Any CPU.Build.0 = Debug|Any CPU
		{2B7E15A5-FC7C-44EF-B488-196D5A23509A}.Release|Any CPU.ActiveCfg = Release|Any CPU
		{2B7E15A5-FC7C-44EF-B488-196D5A23509A}.Release|Any CPU.Build.0 = Release|Any CPU
	EndGlobalSection
	GlobalSection(SolutionProperties) = preSolution
		HideSolutionNode = FALSE
	EndGlobalSection
	GlobalSection(ExtensibilityGlobals) = postSolution
		SolutionGuid = {1C5AB398-2019-4140-B43E-7318BDB4AB52}
	EndGlobalSection
EndGlobal
