
Microsoft Visual Studio Solution File, Format Version 12.00
# Visual Studio Version 17
VisualStudioVersion = 17.14.36518.9
MinimumVisualStudioVersion = 10.0.40219.1
Project("{FAE04EC0-301F-11D3-BF4B-00C04F79EFBC}") = "Prb.Inleiding.HelloWorlds.Cons", "Prb.Inleiding.HelloWorlds.Cons\Prb.Inleiding.HelloWorlds.Cons.csproj", "{562E3E8D-21BF-43B9-B415-806FE399EB31}"
EndProject
Project("{FAE04EC0-301F-11D3-BF4B-00C04F79EFBC}") = "Prb.Inleiding.HelloWorlds.Wpf", "Prb.Inleiding.HelloWorlds.Wpf\Prb.Inleiding.HelloWorlds.Wpf.csproj", "{9F0723DA-ABCC-4D38-A038-2120C6F6F96F}"
EndProject
Project("{FAE04EC0-301F-11D3-BF4B-00C04F79EFBC}") = "Prb.Inleiding.HelloWorlds.Web", "Prb.Inleiding.HelloWorlds.Web\Prb.Inleiding.HelloWorlds.Web.csproj", "{9BB0CCBD-AD2B-4D56-96CD-FEF40BCF6DBE}"
EndProject
Global
	GlobalSection(SolutionConfigurationPlatforms) = preSolution
		Debug|Any CPU = Debug|Any CPU
		Release|Any CPU = Release|Any CPU
	EndGlobalSection
	GlobalSection(ProjectConfigurationPlatforms) = postSolution
		{562E3E8D-21BF-43B9-B415-806FE399EB31}.Debug|Any CPU.ActiveCfg = Debug|Any CPU
		{562E3E8D-21BF-43B9-B415-806FE399EB31}.Debug|Any CPU.Build.0 = Debug|Any CPU
		{562E3E8D-21BF-43B9-B415-806FE399EB31}.Release|Any CPU.ActiveCfg = Release|Any CPU
		{562E3E8D-21BF-43B9-B415-806FE399EB31}.Release|Any CPU.Build.0 = Release|Any CPU
		{9F0723DA-ABCC-4D38-A038-2120C6F6F96F}.Debug|Any CPU.ActiveCfg = Debug|Any CPU
		{9F0723DA-ABCC-4D38-A038-2120C6F6F96F}.Debug|Any CPU.Build.0 = Debug|Any CPU
		{9F0723DA-ABCC-4D38-A038-2120C6F6F96F}.Release|Any CPU.ActiveCfg = Release|Any CPU
		{9F0723DA-ABCC-4D38-A038-2120C6F6F96F}.Release|Any CPU.Build.0 = Release|Any CPU
		{9BB0CCBD-AD2B-4D56-96CD-FEF40BCF6DBE}.Debug|Any CPU.ActiveCfg = Debug|Any CPU
		{9BB0CCBD-AD2B-4D56-96CD-FEF40BCF6DBE}.Debug|Any CPU.Build.0 = Debug|Any CPU
		{9BB0CCBD-AD2B-4D56-96CD-FEF40BCF6DBE}.Release|Any CPU.ActiveCfg = Release|Any CPU
		{9BB0CCBD-AD2B-4D56-96CD-FEF40BCF6DBE}.Release|Any CPU.Build.0 = Release|Any CPU
	EndGlobalSection
	GlobalSection(SolutionProperties) = preSolution
		HideSolutionNode = FALSE
	EndGlobalSection
	GlobalSection(ExtensibilityGlobals) = postSolution
		SolutionGuid = {1FD79F0A-0393-47D0-8276-541A1CCD0EF3}
	EndGlobalSection
EndGlobal
